{
    "_readme": [
        "This file locks the dependencies of your project to a known state",
        "Read more about it at https://getcomposer.org/doc/01-basic-usage.md#composer-lock-the-lock-file",
        "This file is @generated automatically"
    ],
    "hash": "c9a04c61f14b8e994fb6d91bfe98acf7",
    "content-hash": "1309394c9964396e97065b3acb431783",
    "packages": [
        {
            "name": "aaparser/aaparser-php",
            "version": "dev-master",
            "source": {
                "type": "git",
                "url": "https://github.com/aaparser/aaparser-php",
                "reference": "be8a4ced9b114d7b54b75a078400c5f5d2b71672"
            },
            "require": {
                "php": ">=5.6.0"
            },
            "type": "library",
            "autoload": {
                "psr-4": {
                    "Aaparser\\": "libs/"
                }
            },
            "license": [
                "BSD-3-Clause"
            ],
            "authors": [
                {
                    "name": "Harald Lapp",
                    "email": "harald@octris.org"
                }
            ],
            "description": "another argument parser for PHP",
            "homepage": "https://github.com/aaparser/aaparser-php",
            "keywords": [
                "argument",
                "cli",
                "command",
                "option",
                "parser"
            ],
            "time": "2016-01-07 22:30:35"
        },
        {
            "name": "octris/cli",
            "version": "dev-master",
            "source": {
                "type": "git",
                "url": "https://github.com/octris/cli.git",
                "reference": "4fc5eeccc8e76130d431dc9b1f37009fbbc5caf3"
            },
            "require": {
                "aaparser/aaparser-php": "dev-master",
                "php": ">=5.6.0"
            },
            "type": "library",
            "autoload": {
                "psr-4": {
                    "Octris\\Cli\\": "libs/"
                }
            },
            "license": [
                "BSD-3-Clause"
            ],
            "authors": [
                {
                    "name": "Harald Lapp",
                    "email": "harald@octris.org",
                    "homepage": "http://www.octris.org/"
                }
            ],
            "description": "Octris library for cli applications",
            "homepage": "http://github.com/octris/cli/",
            "time": "2016-01-07 16:28:08"
        },
        {
            "name": "octris/core",
            "version": "dev-master",
            "source": {
                "type": "git",
                "url": "https://github.com/octris/core.git",
                "reference": "ebfd2d45804f40197fcd040d04a6638b72b1dae1"
            },
            "require": {
                "nikic/fast-route": "^0.6.0",
                "php": ">=5.6.0",
                "willdurand/negotiation": "^1.4"
            },
            "type": "library",
            "autoload": {
                "psr-4": {
                    "Octris\\Core\\": "libs/"
                }
            },
            "license": [
                "BSD-3-Clause"
            ],
            "authors": [
                {
                    "name": "Harald Lapp",
                    "email": "harald@octris.org",
                    "homepage": "http://www.octris.org/"
                }
            ],
            "description": "OCTRiS core php framework",
            "homepage": "http://github.com/octris/core/",
            "time": "2016-01-07 11:21:47"
        },
        {
            "name": "octris/phphttpd",
            "version": "dev-master",
            "source": {
                "type": "git",
                "url": "https://github.com/octris/phphttpd.git",
                "reference": "e694247ebd3a6f46276cf22d522d555f510416cf"
            },
            "require": {
                "php": ">=5.4.0"
            },
            "type": "library",
            "autoload": {
                "psr-4": {
                    "Octris\\Httpd\\": "libs/"
                }
            },
            "license": [
                "BSD-3-Clause"
            ],
            "authors": [
                {
                    "name": "Harald Lapp",
                    "email": "harald@octris.org",
                    "homepage": "http://www.octris.org/"
                }
            ],
            "description": "Library for building self-contained scripts for serving with PHP 5.4's builtin web-server",
            "homepage": "http://github.com/aurora/phphttpd/",
            "time": "2014-11-18 22:48:53"
        },
        {
            "name": "octris/readline",
            "version": "dev-master",
            "source": {
                "type": "git",
                "url": "https://github.com/octris/readline.git",
                "reference": "e13db76596579562bd10d0931c7215148de4b08a"
            },
            "require": {
                "php": ">=5.6.0"
            },
            "type": "library",
            "autoload": {
                "classmap": [
                    "libs/Readline.php",
                    "libs/IReadline.php"
                ],
                "psr-4": {
                    "Octris\\Readline\\": "libs/Readline/"
                }
            },
            "license": [
                "BSD-3-Clause"
            ],
            "authors": [
                {
                    "name": "Harald Lapp",
                    "email": "harald@octris.org",
                    "homepage": "http://www.octris.org/"
                }
            ],
            "description": "Provides readline functionality either by using built-in readline capabilities or by an emulation, if built-in functionality is not available.",
            "homepage": "http://github.com/octris/process/",
            "time": "2015-07-05 21:50:15"
        },
        {
            "name": "willdurand/negotiation",
            "version": "1.5.0",
            "source": {
                "type": "git",
                "url": "https://github.com/willdurand/Negotiation.git",
                "reference": "2a59f2376557303e3fa91465ab691abb82945edf"
            },
            "dist": {
                "type": "zip",
                "url": "https://api.github.com/repos/willdurand/Negotiation/zipball/2a59f2376557303e3fa91465ab691abb82945edf",
                "reference": "2a59f2376557303e3fa91465ab691abb82945edf",
                "shasum": ""
            },
            "require": {
                "php": ">=5.3.0"
            },
            "type": "library",
            "extra": {
                "branch-alias": {
                    "dev-master": "1.5-dev"
                }
            },
            "autoload": {
                "psr-4": {
                    "Negotiation\\": "src/Negotiation"
                }
            },
            "notification-url": "https://packagist.org/downloads/",
            "license": [
                "MIT"
            ],
            "authors": [
                {
                    "name": "William Durand",
                    "email": "william.durand1@gmail.com"
                }
            ],
            "description": "Content Negotiation tools for PHP provided as a standalone library.",
            "homepage": "http://williamdurand.fr/Negotiation/",
            "keywords": [
                "accept",
                "content",
                "format",
                "header",
                "negotiation"
            ],
            "time": "2015-10-01 07:42:40"
        }
    ],
    "packages-dev": [],
    "aliases": [],
    "minimum-stability": "stable",
    "stability-flags": {
        "aaparser/aaparser-php": 20,
        "octris/cli": 20,
        "octris/core": 20,
        "octris/readline": 20,
        "octris/phphttpd": 20
    },
    "prefer-stable": false,
    "prefer-lowest": false,
    "platform": {
        "php": ">=5.6.0"
    },
    "platform-dev": []
}
