{
    "_readme": [
        "This file locks the dependencies of your project to a known state",
        "Read more about it at https://getcomposer.org/doc/01-basic-usage.md#composer-lock-the-lock-file",
        "This file is @generated automatically"
    ],
    "content-hash": "2d2de3fa797b2d3cfce1cd80a9616b18",
    "packages": [
        {
            "name": "aaparser/aaparser-php",
            "version": "dev-master",
            "source": {
                "type": "git",
                "url": "https://github.com/aaparser/aaparser-php",
                "reference": "dd81bc379a98f62f18529e0a6c7fb76d6c5c2f39"
            },
            "require": {
                "php": ">=5.6.0"
            },
            "type": "library",
            "autoload": {
                "psr-4": {
                    "Aaparser\\": "libs/"
                }
            },
            "license": [
                "BSD-3-Clause"
            ],
            "authors": [
                {
                    "name": "Harald Lapp",
                    "email": "harald@octris.org"
                }
            ],
            "description": "another argument parser for PHP",
            "homepage": "https://github.com/aaparser/aaparser-php",
            "keywords": [
                "argument",
                "cli",
                "command",
                "option",
                "parser"
            ],
            "time": "2017-01-28 16:18:19"
        },
        {
            "name": "octris/cli",
            "version": "dev-master",
            "source": {
                "type": "git",
                "url": "https://github.com/octris/cli.git",
                "reference": "56326c652f7103a2b2d1fc7640439b92de3b97dc"
            },
            "require": {
                "aaparser/aaparser-php": "dev-master",
                "php": ">=5.6.0"
            },
            "type": "library",
            "autoload": {
                "psr-4": {
                    "Octris\\Cli\\": "libs/"
                }
            },
            "license": [
                "BSD-3-Clause"
            ],
            "authors": [
                {
                    "name": "Harald Lapp",
                    "email": "harald@octris.org",
                    "homepage": "http://www.octris.org/"
                }
            ],
            "description": "Octris library for cli applications",
            "homepage": "http://github.com/octris/cli/",
            "time": "2018-01-25 11:41:40"
        },
        {
            "name": "octris/cliconfig",
            "version": "dev-master",
            "source": {
                "type": "git",
                "url": "https://github.com/octris/cliconfig.git",
                "reference": "337c4cdffce2ce20259e34865f01b3e91acfce51"
            },
            "require": {
                "php": ">=5.6.0"
            },
            "type": "library",
            "autoload": {
                "classmap": [
                    "libs/Cliconfig.php"
                ],
                "psr-4": {
                    "Octris\\Cliconfig\\": "libs/Cliconfig/"
                }
            },
            "license": [
                "BSD-3-Clause"
            ],
            "authors": [
                {
                    "name": "Harald Lapp",
                    "email": "harald@octris.org",
                    "homepage": "http://www.octris.org/"
                }
            ],
            "description": "Config file library for CLI tools.",
            "homepage": "https://github.com/octris/cliconfig",
            "time": "2018-01-25 17:01:54"
        },
        {
            "name": "octris/config",
            "version": "dev-master",
            "source": {
                "type": "git",
                "url": "https://github.com/octris/config.git",
                "reference": "333495fa6952c70bd52de4dc4f48145b1dbdf1f7"
            },
            "require": {
                "php": ">=5.6.0"
            },
            "type": "library",
            "autoload": {
                "classmap": [
                    "libs/Config.php"
                ],
                "psr-4": {
                    "Octris\\Config\\": "libs/Config/"
                }
            },
            "license": [
                "BSD-3-Clause"
            ],
            "authors": [
                {
                    "name": "Harald Lapp",
                    "email": "harald@octris.org",
                    "homepage": "http://www.octris.org/"
                }
            ],
            "description": "Config file library for OCTRiS based applications.",
            "homepage": "https://github.com/octris/config",
            "time": "2018-01-25 16:58:05"
        },
        {
            "name": "octris/container",
            "version": "dev-master",
            "source": {
                "type": "git",
                "url": "https://github.com/octris/container.git",
                "reference": "900342916b575de910e1746a1e7ec71c4d037679"
            },
            "require": {
                "php": ">=5.6.0",
                "psr/container": "^1.0"
            },
            "type": "library",
            "autoload": {
                "classmap": [
                    "libs/Container.php"
                ],
                "psr-4": {
                    "Octris\\Container\\": "libs/Container/"
                }
            },
            "license": [
                "BSD-3-Clause"
            ],
            "authors": [
                {
                    "name": "Harald Lapp",
                    "email": "harald@octris.org",
                    "homepage": "http://www.octris.org/"
                }
            ],
            "description": "PSR-11 compliant container for the OCTRiS framework.",
            "homepage": "https://github.com/octris/container",
            "time": "2018-01-25 10:18:45"
        },
        {
            "name": "octris/parser",
            "version": "v0.1.1",
            "source": {
                "type": "git",
                "url": "https://github.com/octris/parser.git",
                "reference": "6bfe89fa343bc3b14b0eae20ba4b7ab635e26f7a"
            },
            "dist": {
                "type": "zip",
                "url": "https://api.github.com/repos/octris/parser/zipball/6bfe89fa343bc3b14b0eae20ba4b7ab635e26f7a",
                "reference": "6bfe89fa343bc3b14b0eae20ba4b7ab635e26f7a",
                "shasum": ""
            },
            "require": {
                "php": ">=5.6.0"
            },
            "type": "library",
            "autoload": {
                "classmap": [
                    "libs/Parser.php"
                ],
                "psr-4": {
                    "Octris\\Parser\\": "libs/Parser/"
                }
            },
            "notification-url": "https://packagist.org/downloads/",
            "license": [
                "BSD-3-Clause"
            ],
            "authors": [
                {
                    "name": "Harald Lapp",
                    "email": "harald@octctris.org"
                }
            ],
            "description": "Library for building simple parsers.",
            "homepage": "https://github.com/octris/parser",
            "time": "2018-01-16T09:39:15+00:00"
        },
        {
            "name": "octris/readline",
            "version": "dev-master",
            "source": {
                "type": "git",
                "url": "https://github.com/octris/readline.git",
                "reference": "e13db76596579562bd10d0931c7215148de4b08a"
            },
            "require": {
                "php": ">=5.6.0"
            },
            "type": "library",
            "autoload": {
                "classmap": [
                    "libs/Readline.php",
                    "libs/IReadline.php"
                ],
                "psr-4": {
                    "Octris\\Readline\\": "libs/Readline/"
                }
            },
            "license": [
                "BSD-3-Clause"
            ],
            "authors": [
                {
                    "name": "Harald Lapp",
                    "email": "harald@octris.org",
                    "homepage": "http://www.octris.org/"
                }
            ],
            "description": "Provides readline functionality either by using built-in readline capabilities or by an emulation, if built-in functionality is not available.",
            "homepage": "http://github.com/octris/process/",
            "time": "2015-07-05 21:50:15"
        },
        {
            "name": "octris/tpl",
            "version": "dev-master",
            "source": {
                "type": "git",
                "url": "https://github.com/octris/tpl.git",
                "reference": "fa9a772e8db1699252da7fe078a790522e51fe09"
            },
            "require": {
                "octris/parser": "^0.1.0",
                "php": ">=5.6.0"
            },
            "type": "library",
            "autoload": {
                "classmap": [
                    "libs/Tpl.php"
                ],
                "psr-4": {
                    "Octris\\Tpl\\": "libs/Tpl/"
                }
            },
            "license": [
                "BSD-3-Clause"
            ],
            "authors": [
                {
                    "name": "Harald Lapp",
                    "email": "harald@octctris.org"
                }
            ],
            "description": "Template engine.",
            "homepage": "https://github.com/octris/tpl",
            "time": "2018-01-26 02:12:25"
        },
        {
            "name": "octris/validate",
            "version": "dev-master",
            "source": {
                "type": "git",
                "url": "https://github.com/octris/validate.git",
                "reference": "ad2bc348e7ae3d1ffd65f79490436bd977850f6b"
            },
            "require": {
                "php": ">=5.6.0"
            },
            "type": "library",
            "autoload": {
                "classmap": [
                    "libs/Validate.php"
                ],
                "psr-4": {
                    "Octris\\Validate\\": "libs/Validate/"
                }
            },
            "license": [
                "BSD-3-Clause"
            ],
            "authors": [
                {
                    "name": "Harald Lapp",
                    "email": "harald@octris.org",
                    "homepage": "http://www.octris.org/"
                }
            ],
            "description": "Library for (parameter) validation.",
            "homepage": "https://github.com/octris/validate",
            "time": "2018-01-10 19:38:14"
        },
        {
            "name": "psr/container",
            "version": "1.0.0",
            "source": {
                "type": "git",
                "url": "https://github.com/php-fig/container.git",
                "reference": "b7ce3b176482dbbc1245ebf52b181af44c2cf55f"
            },
            "dist": {
                "type": "zip",
                "url": "https://api.github.com/repos/php-fig/container/zipball/b7ce3b176482dbbc1245ebf52b181af44c2cf55f",
                "reference": "b7ce3b176482dbbc1245ebf52b181af44c2cf55f",
                "shasum": ""
            },
            "require": {
                "php": ">=5.3.0"
            },
            "type": "library",
            "extra": {
                "branch-alias": {
                    "dev-master": "1.0.x-dev"
                }
            },
            "autoload": {
                "psr-4": {
                    "Psr\\Container\\": "src/"
                }
            },
            "notification-url": "https://packagist.org/downloads/",
            "license": [
                "MIT"
            ],
            "authors": [
                {
                    "name": "PHP-FIG",
                    "homepage": "http://www.php-fig.org/"
                }
            ],
            "description": "Common Container Interface (PHP FIG PSR-11)",
            "homepage": "https://github.com/php-fig/container",
            "keywords": [
                "PSR-11",
                "container",
                "container-interface",
                "container-interop",
                "psr"
            ],
            "time": "2017-02-14T16:28:37+00:00"
        }
    ],
    "packages-dev": [],
    "aliases": [],
    "minimum-stability": "stable",
    "stability-flags": {
        "aaparser/aaparser-php": 20,
        "octris/cli": 20,
        "octris/cliconfig": 20,
        "octris/config": 20,
        "octris/tpl": 20,
        "octris/container": 20,
        "octris/readline": 20,
        "octris/validate": 20
    },
    "prefer-stable": false,
    "prefer-lowest": false,
    "platform": {
        "php": ">=7.0.0"
    },
    "platform-dev": []
}
