{
    "_readme": [
        "This file locks the dependencies of your project to a known state",
        "Read more about it at https://getcomposer.org/doc/01-basic-usage.md#composer-lock-the-lock-file",
        "This file is @generated automatically"
    ],
    "content-hash": "1b858739d1f05a4a94294321790409a9",
    "packages": [
        {
            "name": "aaparser/aaparser-php",
            "version": "dev-master",
            "source": {
                "type": "git",
                "url": "https://github.com/aaparser/aaparser-php",
                "reference": "dd81bc379a98f62f18529e0a6c7fb76d6c5c2f39"
            },
            "require": {
                "php": ">=5.6.0"
            },
            "type": "library",
            "autoload": {
                "psr-4": {
                    "Aaparser\\": "libs/"
                }
            },
            "license": [
                "BSD-3-Clause"
            ],
            "authors": [
                {
                    "name": "Harald Lapp",
                    "email": "harald@octris.org"
                }
            ],
            "description": "another argument parser for PHP",
            "homepage": "https://github.com/aaparser/aaparser-php",
            "keywords": [
                "argument",
                "cli",
                "command",
                "option",
                "parser"
            ],
            "time": "2017-01-28 16:18:19"
        },
        {
            "name": "octris/cli",
            "version": "dev-master",
            "source": {
                "type": "git",
                "url": "https://github.com/octris/cli.git",
                "reference": "9ec1ed34bf787e618d1fd929b0e854062352a476"
            },
            "require": {
                "aaparser/aaparser-php": "dev-master",
                "php": ">=5.6.0"
            },
            "type": "library",
            "autoload": {
                "psr-4": {
                    "Octris\\Cli\\": "libs/"
                }
            },
            "license": [
                "BSD-3-Clause"
            ],
            "authors": [
                {
                    "name": "Harald Lapp",
                    "email": "harald@octris.org",
                    "homepage": "http://www.octris.org/"
                }
            ],
            "description": "Octris library for cli applications",
            "homepage": "http://github.com/octris/cli/",
            "time": "2016-01-30 16:49:11"
        },
        {
            "name": "octris/cliconfig",
            "version": "dev-master",
            "source": {
                "type": "git",
                "url": "https://github.com/octris/cliconfig.git",
                "reference": "8707dff918cdd09eadafa96e02d52b5d96c6d920"
            },
            "require": {
                "php": ">=5.6.0"
            },
            "type": "library",
            "autoload": {
                "classmap": [
                    "libs/Cliconfig.php"
                ],
                "psr-4": {
                    "Octris\\Cliconfig\\": "libs/Cliconfig/"
                }
            },
            "license": [
                "BSD-3-Clause"
            ],
            "authors": [
                {
                    "name": "Harald Lapp",
                    "email": "harald@octris.org",
                    "homepage": "http://www.octris.org/"
                }
            ],
            "description": "Config file library for CLI tools.",
            "homepage": "https://github.com/octris/cliconfig",
            "time": "2016-01-30 17:33:09"
        },
        {
            "name": "octris/core",
            "version": "dev-master",
            "source": {
                "type": "git",
                "url": "https://github.com/octris/core.git",
                "reference": "507f15fc2576a7c037a24e19ba28098f268c10e2"
            },
            "require": {
                "nikic/fast-route": "^0.6.0",
                "octris/debug": "^0.1.0",
                "php": ">=5.6.0",
                "psr/log": "^1.0",
                "ralouphie/getallheaders": "^2.0",
                "willdurand/negotiation": "^1.4",
                "zendframework/zend-escaper": "^2.5"
            },
            "type": "library",
            "autoload": {
                "psr-4": {
                    "Octris\\Core\\": "libs/"
                }
            },
            "license": [
                "BSD-3-Clause"
            ],
            "authors": [
                {
                    "name": "Harald Lapp",
                    "email": "harald@octris.org",
                    "homepage": "http://www.octris.org/"
                }
            ],
            "description": "OCTRiS core php framework",
            "homepage": "http://github.com/octris/core/",
            "time": "2017-05-30 11:14:04"
        },
        {
            "name": "octris/debug",
            "version": "v0.1.0",
            "source": {
                "type": "git",
                "url": "https://github.com/octris/debug.git",
                "reference": "f23d41575c01855037e0346bb7833cf959ef831c"
            },
            "dist": {
                "type": "zip",
                "url": "https://api.github.com/repos/octris/debug/zipball/f23d41575c01855037e0346bb7833cf959ef831c",
                "reference": "f23d41575c01855037e0346bb7833cf959ef831c",
                "shasum": ""
            },
            "require": {
                "php": ">=5.6.0"
            },
            "type": "library",
            "autoload": {
                "classmap": [
                    "libs/Debug.php"
                ],
                "files": [
                    "libs/functions.php"
                ],
                "psr-4": {
                    "Octris\\Debug\\": "libs/Debug/"
                }
            },
            "notification-url": "https://packagist.org/downloads/",
            "license": [
                "BSD-3-Clause"
            ],
            "authors": [
                {
                    "name": "Harald Lapp",
                    "email": "harald@octris.org",
                    "homepage": "http://www.octris.org/"
                }
            ],
            "description": "Provides debugging tools including better replacement for var_dump.",
            "homepage": "https://github.com/octris/debug",
            "keywords": [
                "debugging"
            ],
            "time": "2016-01-16T17:36:27+00:00"
        },
        {
            "name": "octris/phphttpd",
            "version": "dev-master",
            "source": {
                "type": "git",
                "url": "https://github.com/octris/phphttpd.git",
                "reference": "e694247ebd3a6f46276cf22d522d555f510416cf"
            },
            "require": {
                "php": ">=5.4.0"
            },
            "type": "library",
            "autoload": {
                "psr-4": {
                    "Octris\\Httpd\\": "libs/"
                }
            },
            "license": [
                "BSD-3-Clause"
            ],
            "authors": [
                {
                    "name": "Harald Lapp",
                    "email": "harald@octris.org",
                    "homepage": "http://www.octris.org/"
                }
            ],
            "description": "Library for building self-contained scripts for serving with PHP 5.4's builtin web-server",
            "homepage": "http://github.com/aurora/phphttpd/",
            "time": "2014-11-18 22:48:53"
        },
        {
            "name": "octris/readline",
            "version": "dev-master",
            "source": {
                "type": "git",
                "url": "https://github.com/octris/readline.git",
                "reference": "e13db76596579562bd10d0931c7215148de4b08a"
            },
            "require": {
                "php": ">=5.6.0"
            },
            "type": "library",
            "autoload": {
                "classmap": [
                    "libs/Readline.php",
                    "libs/IReadline.php"
                ],
                "psr-4": {
                    "Octris\\Readline\\": "libs/Readline/"
                }
            },
            "license": [
                "BSD-3-Clause"
            ],
            "authors": [
                {
                    "name": "Harald Lapp",
                    "email": "harald@octris.org",
                    "homepage": "http://www.octris.org/"
                }
            ],
            "description": "Provides readline functionality either by using built-in readline capabilities or by an emulation, if built-in functionality is not available.",
            "homepage": "http://github.com/octris/process/",
            "time": "2015-07-05 21:50:15"
        },
        {
            "name": "psr/log",
            "version": "1.0.2",
            "source": {
                "type": "git",
                "url": "https://github.com/php-fig/log.git",
                "reference": "4ebe3a8bf773a19edfe0a84b6585ba3d401b724d"
            },
            "dist": {
                "type": "zip",
                "url": "https://api.github.com/repos/php-fig/log/zipball/4ebe3a8bf773a19edfe0a84b6585ba3d401b724d",
                "reference": "4ebe3a8bf773a19edfe0a84b6585ba3d401b724d",
                "shasum": ""
            },
            "require": {
                "php": ">=5.3.0"
            },
            "type": "library",
            "extra": {
                "branch-alias": {
                    "dev-master": "1.0.x-dev"
                }
            },
            "autoload": {
                "psr-4": {
                    "Psr\\Log\\": "Psr/Log/"
                }
            },
            "notification-url": "https://packagist.org/downloads/",
            "license": [
                "MIT"
            ],
            "authors": [
                {
                    "name": "PHP-FIG",
                    "homepage": "http://www.php-fig.org/"
                }
            ],
            "description": "Common interface for logging libraries",
            "homepage": "https://github.com/php-fig/log",
            "keywords": [
                "log",
                "psr",
                "psr-3"
            ],
            "time": "2016-10-10T12:19:37+00:00"
        },
        {
            "name": "ralouphie/getallheaders",
            "version": "2.0.5",
            "source": {
                "type": "git",
                "url": "https://github.com/ralouphie/getallheaders.git",
                "reference": "5601c8a83fbba7ef674a7369456d12f1e0d0eafa"
            },
            "dist": {
                "type": "zip",
                "url": "https://api.github.com/repos/ralouphie/getallheaders/zipball/5601c8a83fbba7ef674a7369456d12f1e0d0eafa",
                "reference": "5601c8a83fbba7ef674a7369456d12f1e0d0eafa",
                "shasum": ""
            },
            "require": {
                "php": ">=5.3"
            },
            "require-dev": {
                "phpunit/phpunit": "~3.7.0",
                "satooshi/php-coveralls": ">=1.0"
            },
            "type": "library",
            "autoload": {
                "files": [
                    "src/getallheaders.php"
                ]
            },
            "notification-url": "https://packagist.org/downloads/",
            "license": [
                "MIT"
            ],
            "authors": [
                {
                    "name": "Ralph Khattar",
                    "email": "ralph.khattar@gmail.com"
                }
            ],
            "description": "A polyfill for getallheaders.",
            "time": "2016-02-11T07:05:27+00:00"
        },
        {
            "name": "willdurand/negotiation",
            "version": "1.5.0",
            "source": {
                "type": "git",
                "url": "https://github.com/willdurand/Negotiation.git",
                "reference": "2a59f2376557303e3fa91465ab691abb82945edf"
            },
            "dist": {
                "type": "zip",
                "url": "https://api.github.com/repos/willdurand/Negotiation/zipball/2a59f2376557303e3fa91465ab691abb82945edf",
                "reference": "2a59f2376557303e3fa91465ab691abb82945edf",
                "shasum": ""
            },
            "require": {
                "php": ">=5.3.0"
            },
            "type": "library",
            "extra": {
                "branch-alias": {
                    "dev-master": "1.5-dev"
                }
            },
            "autoload": {
                "psr-4": {
                    "Negotiation\\": "src/Negotiation"
                }
            },
            "notification-url": "https://packagist.org/downloads/",
            "license": [
                "MIT"
            ],
            "authors": [
                {
                    "name": "William Durand",
                    "email": "william.durand1@gmail.com"
                }
            ],
            "description": "Content Negotiation tools for PHP provided as a standalone library.",
            "homepage": "http://williamdurand.fr/Negotiation/",
            "keywords": [
                "accept",
                "content",
                "format",
                "header",
                "negotiation"
            ],
            "time": "2015-10-01T07:42:40+00:00"
        },
        {
            "name": "zendframework/zend-escaper",
            "version": "2.5.2",
            "source": {
                "type": "git",
                "url": "https://github.com/zendframework/zend-escaper.git",
                "reference": "2dcd14b61a72d8b8e27d579c6344e12c26141d4e"
            },
            "dist": {
                "type": "zip",
                "url": "https://api.github.com/repos/zendframework/zend-escaper/zipball/2dcd14b61a72d8b8e27d579c6344e12c26141d4e",
                "reference": "2dcd14b61a72d8b8e27d579c6344e12c26141d4e",
                "shasum": ""
            },
            "require": {
                "php": ">=5.5"
            },
            "require-dev": {
                "fabpot/php-cs-fixer": "1.7.*",
                "phpunit/phpunit": "~4.0"
            },
            "type": "library",
            "extra": {
                "branch-alias": {
                    "dev-master": "2.5-dev",
                    "dev-develop": "2.6-dev"
                }
            },
            "autoload": {
                "psr-4": {
                    "Zend\\Escaper\\": "src/"
                }
            },
            "notification-url": "https://packagist.org/downloads/",
            "license": [
                "BSD-3-Clause"
            ],
            "homepage": "https://github.com/zendframework/zend-escaper",
            "keywords": [
                "escaper",
                "zf2"
            ],
            "time": "2016-06-30T19:48:38+00:00"
        }
    ],
    "packages-dev": [],
    "aliases": [],
    "minimum-stability": "stable",
    "stability-flags": {
        "aaparser/aaparser-php": 20,
        "octris/cli": 20,
        "octris/cliconfig": 20,
        "octris/core": 20,
        "octris/readline": 20,
        "octris/phphttpd": 20
    },
    "prefer-stable": false,
    "prefer-lowest": false,
    "platform": {
        "php": ">=5.6.0"
    },
    "platform-dev": []
}
